
Microsoft Visual Studio Solution File, Format Version 12.00
# Visual Studio 15
VisualStudioVersion = 15.0.26228.9
MinimumVisualStudioVersion = 10.0.40219.1
Project("{2150E333-8FDC-42A3-9474-1A3956D46DE8}") = "src", "src", "{D0E8782F-B321-420C-A729-2E65BCCDDC7B}"
EndProject
Project("{2150E333-8FDC-42A3-9474-1A3956D46DE8}") = "tests", "tests", "{BCF58984-9773-4F3A-985F-03C6DE152305}"
EndProject
Project("{FAE04EC0-301F-11D3-BF4B-00C04F79EFBC}") = "KeyVault.Client", "KeyVault.Client\KeyVault.Client.csproj", "{A583701B-20AB-4DA0-A6FB-7A37C93F1662}"
EndProject
Project("{FAE04EC0-301F-11D3-BF4B-00C04F79EFBC}") = "KeyVault.Client.UnitTests", "KeyVault.Client.UnitTests\KeyVault.Client.UnitTests.csproj", "{0F67D821-E877-4A77-A80F-4B1D7B87D53B}"
EndProject
Project("{FAE04EC0-301F-11D3-BF4B-00C04F79EFBC}") = "KeyVault.Client.ComponentTests", "KeyVault.Client.ComponentTests\KeyVault.Client.ComponentTests.csproj", "{4038A704-19F0-4C7C-B202-F148126251A1}"
EndProject
Global
	GlobalSection(SolutionConfigurationPlatforms) = preSolution
		Debug|Any CPU = Debug|Any CPU
		Release|Any CPU = Release|Any CPU
	EndGlobalSection
	GlobalSection(ProjectConfigurationPlatforms) = postSolution
		{A583701B-20AB-4DA0-A6FB-7A37C93F1662}.Debug|Any CPU.ActiveCfg = Debug|Any CPU
		{A583701B-20AB-4DA0-A6FB-7A37C93F1662}.Debug|Any CPU.Build.0 = Debug|Any CPU
		{A583701B-20AB-4DA0-A6FB-7A37C93F1662}.Release|Any CPU.ActiveCfg = Release|Any CPU
		{A583701B-20AB-4DA0-A6FB-7A37C93F1662}.Release|Any CPU.Build.0 = Release|Any CPU
		{0F67D821-E877-4A77-A80F-4B1D7B87D53B}.Debug|Any CPU.ActiveCfg = Debug|Any CPU
		{0F67D821-E877-4A77-A80F-4B1D7B87D53B}.Debug|Any CPU.Build.0 = Debug|Any CPU
		{0F67D821-E877-4A77-A80F-4B1D7B87D53B}.Release|Any CPU.ActiveCfg = Release|Any CPU
		{0F67D821-E877-4A77-A80F-4B1D7B87D53B}.Release|Any CPU.Build.0 = Release|Any CPU
		{4038A704-19F0-4C7C-B202-F148126251A1}.Debug|Any CPU.ActiveCfg = Debug|Any CPU
		{4038A704-19F0-4C7C-B202-F148126251A1}.Debug|Any CPU.Build.0 = Debug|Any CPU
		{4038A704-19F0-4C7C-B202-F148126251A1}.Release|Any CPU.ActiveCfg = Release|Any CPU
		{4038A704-19F0-4C7C-B202-F148126251A1}.Release|Any CPU.Build.0 = Release|Any CPU
	EndGlobalSection
	GlobalSection(SolutionProperties) = preSolution
		HideSolutionNode = FALSE
	EndGlobalSection
	GlobalSection(NestedProjects) = preSolution
		{A583701B-20AB-4DA0-A6FB-7A37C93F1662} = {D0E8782F-B321-420C-A729-2E65BCCDDC7B}
		{0F67D821-E877-4A77-A80F-4B1D7B87D53B} = {BCF58984-9773-4F3A-985F-03C6DE152305}
		{4038A704-19F0-4C7C-B202-F148126251A1} = {BCF58984-9773-4F3A-985F-03C6DE152305}
	EndGlobalSection
EndGlobal
